{
  "lockfileVersion": 1,
  "workspaces": {
    "": {
      "name": "vue3-ui",
      "dependencies": {
        "vue": "^3.5.13",
      },
      "devDependencies": {
        "@types/bun": "latest",
        "rolldown": "^1.0.0-beta.7",
      },
      "peerDependencies": {
        "typescript": "^5",
      },
    },
  },
  "packages": {
    "@babel/helper-string-parser": ["@babel/helper-string-parser@7.25.9", "", {}, "sha512-4A/SCr/2KLd5jrtOMFzaKjVtAei3+2r/NChoBNoZ3EyP/+GlhoaEGoWOZUmFmoITP7zOJyHIMm+DYRd8o3PvHA=="],

    "@babel/helper-validator-identifier": ["@babel/helper-validator-identifier@7.25.9", "", {}, "sha512-Ed61U6XJc3CVRfkERJWDz4dJwKe7iLmmJsbOGu9wSloNSFttHV0I8g6UAgb7qnK5ly5bGLPd4oXZlxCdANBOWQ=="],

    "@babel/parser": ["@babel/parser@7.27.0", "", { "dependencies": { "@babel/types": "^7.27.0" }, "bin": "./bin/babel-parser.js" }, "sha512-iaepho73/2Pz7w2eMS0Q5f83+0RKI7i4xmiYeBmDzfRVbQtTOG7Ts0S4HzJVsTMGI9keU8rNfuZr8DKfSt7Yyg=="],

    "@babel/types": ["@babel/types@7.27.0", "", { "dependencies": { "@babel/helper-string-parser": "^7.25.9", "@babel/helper-validator-identifier": "^7.25.9" } }, "sha512-H45s8fVLYjbhFH62dIJ3WtmJ6RSPt/3DRO0ZcT2SUiYiQyz3BLVb9ADEnLl91m74aQPS3AzzeajZHYOalWe3bg=="],

    "@emnapi/core": ["@emnapi/core@1.4.3", "", { "dependencies": { "@emnapi/wasi-threads": "1.0.2", "tslib": "^2.4.0" } }, "sha512-4m62DuCE07lw01soJwPiBGC0nAww0Q+RY70VZ+n49yDIO13yyinhbWCeNnaob0lakDtWQzSdtNWzJeOJt2ma+g=="],

    "@emnapi/runtime": ["@emnapi/runtime@1.4.3", "", { "dependencies": { "tslib": "^2.4.0" } }, "sha512-pBPWdu6MLKROBX05wSNKcNb++m5Er+KQ9QkB+WVM+pW2Kx9hoSrVTnu3BdkI5eBLZoKu/J6mW/B6i6bJB2ytXQ=="],

    "@emnapi/wasi-threads": ["@emnapi/wasi-threads@1.0.2", "", { "dependencies": { "tslib": "^2.4.0" } }, "sha512-5n3nTJblwRi8LlXkJ9eBzu+kZR8Yxcc7ubakyQTFzPMtIhFpUBRbsnc2Dv88IZDIbCDlBiWrknhB4Lsz7mg6BA=="],

    "@jridgewell/sourcemap-codec": ["@jridgewell/sourcemap-codec@1.5.0", "", {}, "sha512-gv3ZRaISU3fjPAgNsriBRqGWQL6quFx04YMPW/zD8XMLsU32mhCCbfbO6KZFLjvYpCZ8zyDEgqsgf+PwPaM7GQ=="],

    "@napi-rs/wasm-runtime": ["@napi-rs/wasm-runtime@0.2.9", "", { "dependencies": { "@emnapi/core": "^1.4.0", "@emnapi/runtime": "^1.4.0", "@tybys/wasm-util": "^0.9.0" } }, "sha512-OKRBiajrrxB9ATokgEQoG87Z25c67pCpYcCwmXYX8PBftC9pBfN18gnm/fh1wurSLEKIAt+QRFLFCQISrb66Jg=="],

    "@oxc-project/types": ["@oxc-project/types@0.61.2", "", {}, "sha512-rfuwJwvwn9MRthHNXlSo9Eka/u7gC0MhnWAoX3BhE1+rwPOl22nq0K0Y997Hof0tHCOuD7H3/Z8HTfCVhB4c5Q=="],

    "@rolldown/binding-darwin-arm64": ["@rolldown/binding-darwin-arm64@1.0.0-beta.7", "", { "os": "darwin", "cpu": "arm64" }, "sha512-spVRMdG9NotVYfrc94W8zMKEqLFbxm/dzkBjTfKzXMqhyBryo1lwZ14o8xFb3lM/ON/ZUT7laR9y+r6SIUtFrg=="],

    "@rolldown/binding-darwin-x64": ["@rolldown/binding-darwin-x64@1.0.0-beta.7", "", { "os": "darwin", "cpu": "x64" }, "sha512-6d6PicpBNLWJUyGO1b87QOBtQuqL1X9qVugi+kyGcChxW2bL87/CIBAJDu1g3mM62xSzxUitGa2YWRMhMJu2OA=="],

    "@rolldown/binding-freebsd-x64": ["@rolldown/binding-freebsd-x64@1.0.0-beta.7", "", { "os": "freebsd", "cpu": "x64" }, "sha512-RCKUAMUr1+F1wDSUmWUoGimCNAoQ9km5SRIEhrTlCOXe4wv+rY4o07cTaBjehBm+GtT+u0r36SW2gOmikivj9Q=="],

    "@rolldown/binding-linux-arm-gnueabihf": ["@rolldown/binding-linux-arm-gnueabihf@1.0.0-beta.7", "", { "os": "linux", "cpu": "arm" }, "sha512-SRGp4RaUC2oFZTDtLSRePWWE5F4C5vrlsr/a3+/mBlBVUdSrB7341hqAEcezW3YYHQOT/j9CPXu2NULENSywwQ=="],

    "@rolldown/binding-linux-arm64-gnu": ["@rolldown/binding-linux-arm64-gnu@1.0.0-beta.7", "", { "os": "linux", "cpu": "arm64" }, "sha512-q6Szr5o54lJWir2uYxwxDoOUdSCrA2Nb8sKqQRnJHP9985o0uxeq85LKvMubFRgTKq9Q71ZZPrZBs7pwr4ji1Q=="],

    "@rolldown/binding-linux-arm64-musl": ["@rolldown/binding-linux-arm64-musl@1.0.0-beta.7", "", { "os": "linux", "cpu": "arm64" }, "sha512-MiEE4ReEw7jdxKE8eKTdt3z7N1sucgSb1J0BUY3Dd8YKLjh2jNYHhJu13/tCo2DBMZxT+FDJE3WJ5kCxZA7+YA=="],

    "@rolldown/binding-linux-x64-gnu": ["@rolldown/binding-linux-x64-gnu@1.0.0-beta.7", "", { "os": "linux", "cpu": "x64" }, "sha512-2yDNUKQidgcZr/VSJCUy9IGvtcF/GfBEBrCsqvSkVKMNLNySICvybAwKtCNPeZSOwf875CWnnyKNeg5vwV6rMg=="],

    "@rolldown/binding-linux-x64-musl": ["@rolldown/binding-linux-x64-musl@1.0.0-beta.7", "", { "os": "linux", "cpu": "x64" }, "sha512-72LjHkY9Sqav35qopNh4fabhSsqKWmOwMtjmrNgONTtC5LhALjNZlaXkAaFvQRJ8N7ftT8BOITzaZeqrF6BYdg=="],

    "@rolldown/binding-wasm32-wasi": ["@rolldown/binding-wasm32-wasi@1.0.0-beta.7", "", { "dependencies": { "@napi-rs/wasm-runtime": "^0.2.4" }, "cpu": "none" }, "sha512-sR8q2p3j5ZCkFWPbm6LUIYE7SHfmrVqXu0n4CFpzmAM95pDhFRx8SzT/oL5tkFN+mCdnPpzcvpn9OioVXQ8CxA=="],

    "@rolldown/binding-win32-arm64-msvc": ["@rolldown/binding-win32-arm64-msvc@1.0.0-beta.7", "", { "os": "win32", "cpu": "arm64" }, "sha512-eeSNGdZt01NelYGl5LZc3cSwN4iYG5XE8zMqkILErfW6ndpc74DKeDWI0aG8jmtjz5VerLA4B9DzOkhuFj4lNg=="],

    "@rolldown/binding-win32-ia32-msvc": ["@rolldown/binding-win32-ia32-msvc@1.0.0-beta.7", "", { "os": "win32", "cpu": "ia32" }, "sha512-d7Uhs3LWirrE4+TRa2N25AqrZaZjYZdOrKSYbZFMF42tFkWIgGWPCQouTqjMgjVGX0feJpF7+9dwVhjZFzZbYA=="],

    "@rolldown/binding-win32-x64-msvc": ["@rolldown/binding-win32-x64-msvc@1.0.0-beta.7", "", { "os": "win32", "cpu": "x64" }, "sha512-Z3P1JHx+U7Sr73v5wJtEygxboF2VR9ds4eSAgFfslhIxFI48FFm+WEMeuLLeqnx0tiq1UL6cIIg5+h3mlaG6UA=="],

    "@tybys/wasm-util": ["@tybys/wasm-util@0.9.0", "", { "dependencies": { "tslib": "^2.4.0" } }, "sha512-6+7nlbMVX/PVDCwaIQ8nTOPveOcFLSt8GcXdx8hD0bt39uWxYT88uXzqTd4fTvqta7oeUJqudepapKNt2DYJFw=="],

    "@types/bun": ["@types/bun@1.2.10", "", { "dependencies": { "bun-types": "1.2.10" } }, "sha512-eilv6WFM3M0c9ztJt7/g80BDusK98z/FrFwseZgT4bXCq2vPhXD4z8R3oddmAn+R/Nmz9vBn4kweJKmGTZj+lg=="],

    "@types/node": ["@types/node@22.14.1", "", { "dependencies": { "undici-types": "~6.21.0" } }, "sha512-u0HuPQwe/dHrItgHHpmw3N2fYCR6x4ivMNbPHRkBVP4CvN+kiRrKHWk3i8tXiO/joPwXLMYvF9TTF0eqgHIuOw=="],

    "@valibot/to-json-schema": ["@valibot/to-json-schema@1.0.0", "", { "peerDependencies": { "valibot": "^1.0.0" } }, "sha512-/9crJgPptVsGCL6X+JPDQyaJwkalSZ/52WuF8DiRUxJgcmpNdzYRfZ+gqMEP8W3CTVfuMWPqqvIgfwJ97f9Etw=="],

    "@vue/compiler-core": ["@vue/compiler-core@3.5.13", "", { "dependencies": { "@babel/parser": "^7.25.3", "@vue/shared": "3.5.13", "entities": "^4.5.0", "estree-walker": "^2.0.2", "source-map-js": "^1.2.0" } }, "sha512-oOdAkwqUfW1WqpwSYJce06wvt6HljgY3fGeM9NcVA1HaYOij3mZG9Rkysn0OHuyUAGMbEbARIpsG+LPVlBJ5/Q=="],

    "@vue/compiler-dom": ["@vue/compiler-dom@3.5.13", "", { "dependencies": { "@vue/compiler-core": "3.5.13", "@vue/shared": "3.5.13" } }, "sha512-ZOJ46sMOKUjO3e94wPdCzQ6P1Lx/vhp2RSvfaab88Ajexs0AHeV0uasYhi99WPaogmBlRHNRuly8xV75cNTMDA=="],

    "@vue/compiler-sfc": ["@vue/compiler-sfc@3.5.13", "", { "dependencies": { "@babel/parser": "^7.25.3", "@vue/compiler-core": "3.5.13", "@vue/compiler-dom": "3.5.13", "@vue/compiler-ssr": "3.5.13", "@vue/shared": "3.5.13", "estree-walker": "^2.0.2", "magic-string": "^0.30.11", "postcss": "^8.4.48", "source-map-js": "^1.2.0" } }, "sha512-6VdaljMpD82w6c2749Zhf5T9u5uLBWKnVue6XWxprDobftnletJ8+oel7sexFfM3qIxNmVE7LSFGTpv6obNyaQ=="],

    "@vue/compiler-ssr": ["@vue/compiler-ssr@3.5.13", "", { "dependencies": { "@vue/compiler-dom": "3.5.13", "@vue/shared": "3.5.13" } }, "sha512-wMH6vrYHxQl/IybKJagqbquvxpWCuVYpoUJfCqFZwa/JY1GdATAQ+TgVtgrwwMZ0D07QhA99rs/EAAWfvG6KpA=="],

    "@vue/reactivity": ["@vue/reactivity@3.5.13", "", { "dependencies": { "@vue/shared": "3.5.13" } }, "sha512-NaCwtw8o48B9I6L1zl2p41OHo/2Z4wqYGGIK1Khu5T7yxrn+ATOixn/Udn2m+6kZKB/J7cuT9DbWWhRxqixACg=="],

    "@vue/runtime-core": ["@vue/runtime-core@3.5.13", "", { "dependencies": { "@vue/reactivity": "3.5.13", "@vue/shared": "3.5.13" } }, "sha512-Fj4YRQ3Az0WTZw1sFe+QDb0aXCerigEpw418pw1HBUKFtnQHWzwojaukAs2X/c9DQz4MQ4bsXTGlcpGxU/RCIw=="],

    "@vue/runtime-dom": ["@vue/runtime-dom@3.5.13", "", { "dependencies": { "@vue/reactivity": "3.5.13", "@vue/runtime-core": "3.5.13", "@vue/shared": "3.5.13", "csstype": "^3.1.3" } }, "sha512-dLaj94s93NYLqjLiyFzVs9X6dWhTdAlEAciC3Moq7gzAc13VJUdCnjjRurNM6uTLFATRHexHCTu/Xp3eW6yoog=="],

    "@vue/server-renderer": ["@vue/server-renderer@3.5.13", "", { "dependencies": { "@vue/compiler-ssr": "3.5.13", "@vue/shared": "3.5.13" }, "peerDependencies": { "vue": "3.5.13" } }, "sha512-wAi4IRJV/2SAW3htkTlB+dHeRmpTiVIK1OGLWV1yeStVSebSQQOwGwIq0D3ZIoBj2C2qpgz5+vX9iEBkTdk5YA=="],

    "@vue/shared": ["@vue/shared@3.5.13", "", {}, "sha512-/hnE/qP5ZoGpol0a5mDi45bOd7t3tjYJBjsgCsivow7D48cJeV5l05RD82lPqi7gRiphZM37rnhW1l6ZoCNNnQ=="],

    "bun-types": ["bun-types@1.2.10", "", { "dependencies": { "@types/node": "*" } }, "sha512-b5ITZMnVdf3m1gMvJHG+gIfeJHiQPJak0f7925Hxu6ZN5VKA8AGy4GZ4lM+Xkn6jtWxg5S3ldWvfmXdvnkp3GQ=="],

    "csstype": ["csstype@3.1.3", "", {}, "sha512-M1uQkMl8rQK/szD0LNhtqxIPLpimGm8sOBwU7lLnCpSbTyY3yeU1Vc7l4KT5zT4s/yOxHH5O7tIuuLOCnLADRw=="],

    "entities": ["entities@4.5.0", "", {}, "sha512-V0hjH4dGPh9Ao5p0MoRY6BVqtwCjhz6vI5LT8AJ55H+4g9/4vbHx1I54fS0XuclLhDHArPQCiMjDxjaL8fPxhw=="],

    "estree-walker": ["estree-walker@2.0.2", "", {}, "sha512-Rfkk/Mp/DL7JVje3u18FxFujQlTNR2q6QfMSMB7AvCBx91NGj/ba3kCfza0f6dVDbw7YlRf/nDrn7pQrCCyQ/w=="],

    "magic-string": ["magic-string@0.30.17", "", { "dependencies": { "@jridgewell/sourcemap-codec": "^1.5.0" } }, "sha512-sNPKHvyjVf7gyjwS4xGTaW/mCnF8wnjtifKBEhxfZ7E/S8tQ0rssrwGNn6q8JH/ohItJfSQp9mBtQYuTlH5QnA=="],

    "nanoid": ["nanoid@3.3.11", "", { "bin": { "nanoid": "bin/nanoid.cjs" } }, "sha512-N8SpfPUnUp1bK+PMYW8qSWdl9U+wwNWI4QKxOYDy9JAro3WMX7p2OeVRF9v+347pnakNevPmiHhNmZ2HbFA76w=="],

    "picocolors": ["picocolors@1.1.1", "", {}, "sha512-xceH2snhtb5M9liqDsmEw56le376mTZkEX/jEb/RxNFyegNul7eNslCXP9FDj/Lcu0X8KEyMceP2ntpaHrDEVA=="],

    "postcss": ["postcss@8.5.3", "", { "dependencies": { "nanoid": "^3.3.8", "picocolors": "^1.1.1", "source-map-js": "^1.2.1" } }, "sha512-dle9A3yYxlBSrt8Fu+IpjGT8SY8hN0mlaA6GY8t0P5PjIOZemULz/E2Bnm/2dcUOena75OTNkHI76uZBNUUq3A=="],

    "rolldown": ["rolldown@1.0.0-beta.7", "", { "dependencies": { "@oxc-project/types": "0.61.2", "@valibot/to-json-schema": "1.0.0", "valibot": "1.0.0" }, "optionalDependencies": { "@rolldown/binding-darwin-arm64": "1.0.0-beta.7", "@rolldown/binding-darwin-x64": "1.0.0-beta.7", "@rolldown/binding-freebsd-x64": "1.0.0-beta.7", "@rolldown/binding-linux-arm-gnueabihf": "1.0.0-beta.7", "@rolldown/binding-linux-arm64-gnu": "1.0.0-beta.7", "@rolldown/binding-linux-arm64-musl": "1.0.0-beta.7", "@rolldown/binding-linux-x64-gnu": "1.0.0-beta.7", "@rolldown/binding-linux-x64-musl": "1.0.0-beta.7", "@rolldown/binding-wasm32-wasi": "1.0.0-beta.7", "@rolldown/binding-win32-arm64-msvc": "1.0.0-beta.7", "@rolldown/binding-win32-ia32-msvc": "1.0.0-beta.7", "@rolldown/binding-win32-x64-msvc": "1.0.0-beta.7" }, "peerDependencies": { "@oxc-project/runtime": "0.61.2" }, "optionalPeers": ["@oxc-project/runtime"], "bin": { "rolldown": "bin/cli.js" } }, "sha512-IUa/9lZVqgFilYggiY7jxUbmvU4Q8wVvVqsru+AeMldBccBEhTYZ6/XP6cWsznb8Fv49zfYGaeEpJ5WeVdo6Mg=="],

    "source-map-js": ["source-map-js@1.2.1", "", {}, "sha512-UXWMKhLOwVKb728IUtQPXxfYU+usdybtUrK/8uGE8CQMvrhOpwvzDBwj0QhSL7MQc7vIsISBG8VQ8+IDQxpfQA=="],

    "tslib": ["tslib@2.8.1", "", {}, "sha512-oJFu94HQb+KVduSUQL7wnpmqnfmLsOA/nAh6b6EH0wCEoK0/mPeXU6c3wKDV83MkOuHPRHtSXKKU99IBazS/2w=="],

    "typescript": ["typescript@5.8.3", "", { "bin": { "tsc": "bin/tsc", "tsserver": "bin/tsserver" } }, "sha512-p1diW6TqL9L07nNxvRMM7hMMw4c5XOo/1ibL4aAIGmSAt9slTE1Xgw5KWuof2uTOvCg9BY7ZRi+GaF+7sfgPeQ=="],

    "undici-types": ["undici-types@6.21.0", "", {}, "sha512-iwDZqg0QAGrg9Rav5H4n0M64c3mkR59cJ6wQp+7C4nI0gsmExaedaYLNO44eT4AtBBwjbTiGPMlt2Md0T9H9JQ=="],

    "valibot": ["valibot@1.0.0", "", { "peerDependencies": { "typescript": ">=5" }, "optionalPeers": ["typescript"] }, "sha512-1Hc0ihzWxBar6NGeZv7fPLY0QuxFMyxwYR2sF1Blu7Wq7EnremwY2W02tit2ij2VJT8HcSkHAQqmFfl77f73Yw=="],

    "vue": ["vue@3.5.13", "", { "dependencies": { "@vue/compiler-dom": "3.5.13", "@vue/compiler-sfc": "3.5.13", "@vue/runtime-dom": "3.5.13", "@vue/server-renderer": "3.5.13", "@vue/shared": "3.5.13" }, "peerDependencies": { "typescript": "*" }, "optionalPeers": ["typescript"] }, "sha512-wmeiSMxkZCSc+PM2w2VRsOYAZC8GdipNFRTsLSfodVqI9mbejKeXEGr8SckuLnrQPGe3oJN5c3K0vpoU9q/wCQ=="],
  }
}
